
Microsoft Visual Studio Solution File, Format Version 12.00
# Visual Studio Version 17
VisualStudioVersion = 17.6.33815.320
MinimumVisualStudioVersion = 10.0.40219.1
Project("{FAE04EC0-301F-11D3-BF4B-00C04F79EFBC}") = "console-chess", "console-chess\console-chess.csproj", "{4065D40F-DFC5-4E7A-AB01-647FA82CC061}"
EndProject
Global
	GlobalSection(SolutionConfigurationPlatforms) = preSolution
		Debug|Any CPU = Debug|Any CPU
		Release|Any CPU = Release|Any CPU
	EndGlobalSection
	GlobalSection(ProjectConfigurationPlatforms) = postSolution
		{4065D40F-DFC5-4E7A-AB01-647FA82CC061}.Debug|Any CPU.ActiveCfg = Debug|Any CPU
		{4065D40F-DFC5-4E7A-AB01-647FA82CC061}.Debug|Any CPU.Build.0 = Debug|Any CPU
		{4065D40F-DFC5-4E7A-AB01-647FA82CC061}.Release|Any CPU.ActiveCfg = Release|Any CPU
		{4065D40F-DFC5-4E7A-AB01-647FA82CC061}.Release|Any CPU.Build.0 = Release|Any CPU
	EndGlobalSection
	GlobalSection(SolutionProperties) = preSolution
		HideSolutionNode = FALSE
	EndGlobalSection
	GlobalSection(ExtensibilityGlobals) = postSolution
		SolutionGuid = {79D385BF-E998-47A1-BEFC-60C5A50F2D19}
	EndGlobalSection
EndGlobal
